{
  "version": "5",
  "specifiers": {
    "jsr:@std/csv@^1.0.6": "1.0.6",
    "jsr:@std/fs@^1.0.19": "1.0.21",
    "jsr:@std/internal@^1.0.12": "1.0.12",
    "jsr:@std/media-types@1.1.0": "1.1.0",
    "jsr:@std/path@^1.1.2": "1.1.4",
    "jsr:@std/path@^1.1.4": "1.1.4",
    "jsr:@std/ulid@1.0.0": "1.0.0",
    "jsr:@webui/deno-webui@2.5.13": "2.5.13",
    "jsr:@zip-js/zip-js@^2.8.7": "2.8.8",
    "npm:date-fns@4.1.0": "4.1.0",
    "npm:sv@*": "0.8.7"
  },
  "jsr": {
    "@std/csv@1.0.6": {
      "integrity": "52ef0e62799a0028d278fa04762f17f9bd263fad9a8e7f98c14fbd371d62d9fd"
    },
    "@std/fs@1.0.21": {
      "integrity": "d720fe1056d78d43065a4d6e0eeb2b19f34adb8a0bc7caf3a4dbf1d4178252cd",
      "dependencies": [
        "jsr:@std/internal",
        "jsr:@std/path@^1.1.4"
      ]
    },
    "@std/internal@1.0.12": {
      "integrity": "972a634fd5bc34b242024402972cd5143eac68d8dffaca5eaa4dba30ce17b027"
    },
    "@std/media-types@1.1.0": {
      "integrity": "c9d093f0c05c3512932b330e3cc1fe1d627b301db33a4c2c2185c02471d6eaa4"
    },
    "@std/path@1.1.4": {
      "integrity": "1d2d43f39efb1b42f0b1882a25486647cb851481862dc7313390b2bb044314b5",
      "dependencies": [
        "jsr:@std/internal"
      ]
    },
    "@std/ulid@1.0.0": {
      "integrity": "d41c3d27a907714413649fee864b7cde8d42ee68437d22b79d5de4f81d808780"
    },
    "@webui/deno-webui@2.5.13": {
      "integrity": "6f03345e19b943177766a30ed728a0e16c228757b5469bceee6092a7e18a25f9",
      "dependencies": [
        "jsr:@std/fs",
        "jsr:@std/path@^1.1.2",
        "jsr:@zip-js/zip-js"
      ]
    },
    "@zip-js/zip-js@2.8.8": {
      "integrity": "d02be7ef8707977e714cd24e045882f0b396dbcecfcabd7b591c5cdba40e47b7"
    }
  },
  "npm": {
    "date-fns@4.1.0": {
      "integrity": "sha512-Ukq0owbQXxa/U3EGtsdVBkR1w7KOQ5gIBqdH2hkvknzZPYvBxb/aa6E8L7tmjFtkwZBu3UXBbjIgPo/Ez4xaNg=="
    },
    "sv@0.8.7": {
      "integrity": "sha512-8HIuAuQWk/4xyFrEkNhkR7WSQ63qYs9WnF7rVvALIIQjnY25VDrPx6eWa7yR5eFL4NXXFFN6+jPJdbW50xSCvg==",
      "bin": true
    }
  },
  "workspace": {
    "dependencies": [
      "jsr:@std/csv@^1.0.6",
      "jsr:@std/media-types@1.1.0",
      "jsr:@std/path@^1.1.4",
      "jsr:@std/ulid@1.0.0",
      "jsr:@webui/deno-webui@2.5.13",
      "npm:date-fns@4.1.0"
    ]
  }
}
